
Microsoft Visual Studio Solution File, Format Version 12.00
# Visual Studio Version 17
VisualStudioVersion = 17.6.33829.357
MinimumVisualStudioVersion = 10.0.40219.1
Project("{FAE04EC0-301F-11D3-BF4B-00C04F79EFBC}") = "AplicacaoWebdsa", "AplicacaoWebdsa\AplicacaoWebdsa.csproj", "{2761553E-5619-444D-B18C-806A67D45A66}"
EndProject
Global
	GlobalSection(SolutionConfigurationPlatforms) = preSolution
		Debug|Any CPU = Debug|Any CPU
		Release|Any CPU = Release|Any CPU
	EndGlobalSection
	GlobalSection(ProjectConfigurationPlatforms) = postSolution
		{2761553E-5619-444D-B18C-806A67D45A66}.Debug|Any CPU.ActiveCfg = Debug|Any CPU
		{2761553E-5619-444D-B18C-806A67D45A66}.Debug|Any CPU.Build.0 = Debug|Any CPU
		{2761553E-5619-444D-B18C-806A67D45A66}.Release|Any CPU.ActiveCfg = Release|Any CPU
		{2761553E-5619-444D-B18C-806A67D45A66}.Release|Any CPU.Build.0 = Release|Any CPU
	EndGlobalSection
	GlobalSection(SolutionProperties) = preSolution
		HideSolutionNode = FALSE
	EndGlobalSection
	GlobalSection(ExtensibilityGlobals) = postSolution
		SolutionGuid = {CA02243F-AE2D-4FD9-9F69-478D63D7527B}
	EndGlobalSection
EndGlobal
